// !$*UTF8*$!
{
	archiveVersion = 1;
	classes = {
	};
	objectVersion = 50;
	objects = {

/* Begin PBXBuildFile section */
		FA2D296520C2DE5900DAEE63 /* DataItem.xcdatamodeld in Sources */ = {isa = PBXBuildFile; fileRef = FA2D296320C2DE5800DAEE63 /* DataItem.xcdatamodeld */; };
		FA7BBB1920BC5A3E0075D862 /* AppDelegate.swift in Sources */ = {isa = PBXBuildFile; fileRef = FA7BBB1820BC5A3E0075D862 /* AppDelegate.swift */; };
		FA7BBB1B20BC5A3E0075D862 /* ToDoListVC.swift in Sources */ = {isa = PBXBuildFile; fileRef = FA7BBB1A20BC5A3E0075D862 /* ToDoListVC.swift */; };
		FA7BBB1E20BC5A3E0075D862 /* Main.storyboard in Resources */ = {isa = PBXBuildFile; fileRef = FA7BBB1C20BC5A3E0075D862 /* Main.storyboard */; };
		FA7BBB2020BC5A430075D862 /* Assets.xcassets in Resources */ = {isa = PBXBuildFile; fileRef = FA7BBB1F20BC5A430075D862 /* Assets.xcassets */; };
		FA7BBB2320BC5A430075D862 /* LaunchScreen.storyboard in Resources */ = {isa = PBXBuildFile; fileRef = FA7BBB2120BC5A430075D862 /* LaunchScreen.storyboard */; };
/* End PBXBuildFile section */

/* Begin PBXFileReference section */
		FA2D296420C2DE5900DAEE63 /* DataItem.xcdatamodel */ = {isa = PBXFileReference; lastKnownFileType = wrapper.xcdatamodel; path = DataItem.xcdatamodel; sourceTree = "<group>"; };
		FA7BBB1520BC5A3E0075D862 /* Todoey.app */ = {isa = PBXFileReference; explicitFileType = wrapper.application; includeInIndex = 0; path = Todoey.app; sourceTree = BUILT_PRODUCTS_DIR; };
		FA7BBB1820BC5A3E0075D862 /* AppDelegate.swift */ = {isa = PBXFileReference; lastKnownFileType = sourcecode.swift; path = AppDelegate.swift; sourceTree = "<group>"; };
		FA7BBB1A20BC5A3E0075D862 /* ToDoListVC.swift */ = {isa = PBXFileReference; lastKnownFileType = sourcecode.swift; path = ToDoListVC.swift; sourceTree = "<group>"; };
		FA7BBB1D20BC5A3E0075D862 /* Base */ = {isa = PBXFileReference; lastKnownFileType = file.storyboard; name = Base; path = Base.lproj/Main.storyboard; sourceTree = "<group>"; };
		FA7BBB1F20BC5A430075D862 /* Assets.xcassets */ = {isa = PBXFileReference; lastKnownFileType = folder.assetcatalog; path = Assets.xcassets; sourceTree = "<group>"; };
		FA7BBB2220BC5A430075D862 /* Base */ = {isa = PBXFileReference; lastKnownFileType = file.storyboard; name = Base; path = Base.lproj/LaunchScreen.storyboard; sourceTree = "<group>"; };
		FA7BBB2420BC5A430075D862 /* Info.plist */ = {isa = PBXFileReference; lastKnownFileType = text.plist.xml; path = Info.plist; sourceTree = "<group>"; };
/* End PBXFileReference section */

/* Begin PBXFrameworksBuildPhase section */
		FA7BBB1220BC5A3E0075D862 /* Frameworks */ = {
			isa = PBXFrameworksBuildPhase;
			buildActionMask = 2147483647;
			files = (
			);
			runOnlyForDeploymentPostprocessing = 0;
		};
/* End PBXFrameworksBuildPhase section */

/* Begin PBXGroup section */
		FA63924220C044D100AE0F7B /* Model */ = {
			isa = PBXGroup;
			children = (
				FA2D296320C2DE5800DAEE63 /* DataItem.xcdatamodeld */,
			);
			path = Model;
			sourceTree = "<group>";
		};
		FA63924320C044E600AE0F7B /* Views */ = {
			isa = PBXGroup;
			children = (
				FA7BBB1C20BC5A3E0075D862 /* Main.storyboard */,
			);
			path = Views;
			sourceTree = "<group>";
		};
		FA63924420C044F800AE0F7B /* Controller */ = {
			isa = PBXGroup;
			children = (
				FA7BBB1A20BC5A3E0075D862 /* ToDoListVC.swift */,
			);
			path = Controller;
			sourceTree = "<group>";
		};
		FA63924520C0451B00AE0F7B /* Supporting Files */ = {
			isa = PBXGroup;
			children = (
				FA7BBB1F20BC5A430075D862 /* Assets.xcassets */,
				FA7BBB2120BC5A430075D862 /* LaunchScreen.storyboard */,
				FA7BBB1820BC5A3E0075D862 /* AppDelegate.swift */,
			);
			path = "Supporting Files";
			sourceTree = "<group>";
		};
		FA7BBB0C20BC5A3E0075D862 = {
			isa = PBXGroup;
			children = (
				FA7BBB1720BC5A3E0075D862 /* Todoey */,
				FA7BBB1620BC5A3E0075D862 /* Products */,
			);
			sourceTree = "<group>";
		};
		FA7BBB1620BC5A3E0075D862 /* Products */ = {
			isa = PBXGroup;
			children = (
				FA7BBB1520BC5A3E0075D862 /* Todoey.app */,
			);
			name = Products;
			sourceTree = "<group>";
		};
		FA7BBB1720BC5A3E0075D862 /* Todoey */ = {
			isa = PBXGroup;
			children = (
				FA7BBB2420BC5A430075D862 /* Info.plist */,
				FA63924420C044F800AE0F7B /* Controller */,
				FA63924320C044E600AE0F7B /* Views */,
				FA63924220C044D100AE0F7B /* Model */,
				FA63924520C0451B00AE0F7B /* Supporting Files */,
			);
			path = Todoey;
			sourceTree = "<group>";
		};
/* End PBXGroup section */

/* Begin PBXNativeTarget section */
		FA7BBB1420BC5A3E0075D862 /* Todoey */ = {
			isa = PBXNativeTarget;
			buildConfigurationList = FA7BBB2720BC5A430075D862 /* Build configuration list for PBXNativeTarget "Todoey" */;
			buildPhases = (
				FA7BBB1120BC5A3E0075D862 /* Sources */,
				FA7BBB1220BC5A3E0075D862 /* Frameworks */,
				FA7BBB1320BC5A3E0075D862 /* Resources */,
			);
			buildRules = (
			);
			dependencies = (
			);
			name = Todoey;
			productName = Todoey;
			productReference = FA7BBB1520BC5A3E0075D862 /* Todoey.app */;
			productType = "com.apple.product-type.application";
		};
/* End PBXNativeTarget section */

/* Begin PBXProject section */
		FA7BBB0D20BC5A3E0075D862 /* Project object */ = {
			isa = PBXProject;
			attributes = {
				LastSwiftUpdateCheck = 0930;
				LastUpgradeCheck = 0930;
				ORGANIZATIONNAME = Alex;
				TargetAttributes = {
					FA7BBB1420BC5A3E0075D862 = {
						CreatedOnToolsVersion = 9.3;
					};
				};
			};
			buildConfigurationList = FA7BBB1020BC5A3E0075D862 /* Build configuration list for PBXProject "Todoey" */;
			compatibilityVersion = "Xcode 9.3";
			developmentRegion = en;
			hasScannedForEncodings = 0;
			knownRegions = (
				en,
				Base,
			);
			mainGroup = FA7BBB0C20BC5A3E0075D862;
			productRefGroup = FA7BBB1620BC5A3E0075D862 /* Products */;
			projectDirPath = "";
			projectRoot = "";
			targets = (
				FA7BBB1420BC5A3E0075D862 /* Todoey */,
			);
		};
/* End PBXProject section */

/* Begin PBXResourcesBuildPhase section */
		FA7BBB1320BC5A3E0075D862 /* Resources */ = {
			isa = PBXResourcesBuildPhase;
			buildActionMask = 2147483647;
			files = (
				FA7BBB2320BC5A430075D862 /* LaunchScreen.storyboard in Resources */,
				FA7BBB2020BC5A430075D862 /* Assets.xcassets in Resources */,
				FA7BBB1E20BC5A3E0075D862 /* Main.storyboard in Resources */,
			);
			runOnlyForDeploymentPostprocessing = 0;
		};
/* End PBXResourcesBuildPhase section */

/* Begin PBXSourcesBuildPhase section */
		FA7BBB1120BC5A3E0075D862 /* Sources */ = {
			isa = PBXSourcesBuildPhase;
			buildActionMask = 2147483647;
			files = (
				FA7BBB1B20BC5A3E0075D862 /* ToDoListVC.swift in Sources */,
				FA2D296520C2DE5900DAEE63 /* DataItem.xcdatamodeld in Sources */,
				FA7BBB1920BC5A3E0075D862 /* AppDelegate.swift in Sources */,
			);
			runOnlyForDeploymentPostprocessing = 0;
		};
/* End PBXSourcesBuildPhase section */

/* Begin PBXVariantGroup section */
		FA7BBB1C20BC5A3E0075D862 /* Main.storyboard */ = {
			isa = PBXVariantGroup;
			children = (
				FA7BBB1D20BC5A3E0075D862 /* Base */,
			);
			name = Main.storyboard;
			sourceTree = "<group>";
		};
		FA7BBB2120BC5A430075D862 /* LaunchScreen.storyboard */ = {
			isa = PBXVariantGroup;
			children = (
				FA7BBB2220BC5A430075D862 /* Base */,
			);
			name = LaunchScreen.storyboard;
			sourceTree = "<group>";
		};
/* End PBXVariantGroup section */

/* Begin XCBuildConfiguration section */
		FA7BBB2520BC5A430075D862 /* Debug */ = {
			isa = XCBuildConfiguration;
			buildSettings = {
				ALWAYS_SEARCH_USER_PATHS = NO;
				CLANG_ANALYZER_NONNULL = YES;
				CLANG_ANALYZER_NUMBER_OBJECT_CONVERSION = YES_AGGRESSIVE;
				CLANG_CXX_LANGUAGE_STANDARD = "gnu++14";
				CLANG_CXX_LIBRARY = "libc++";
				CLANG_ENABLE_MODULES = YES;
				CLANG_ENABLE_OBJC_ARC = YES;
				CLANG_ENABLE_OBJC_WEAK = YES;
				CLANG_WARN_BLOCK_CAPTURE_AUTORELEASING = YES;
				CLANG_WARN_BOOL_CONVERSION = YES;
				CLANG_WARN_COMMA = YES;
				CLANG_WARN_CONSTANT_CONVERSION = YES;
				CLANG_WARN_DEPRECATED_OBJC_IMPLEMENTATIONS = YES;
				CLANG_WARN_DIRECT_OBJC_ISA_USAGE = YES_ERROR;
				CLANG_WARN_DOCUMENTATION_COMMENTS = YES;
				CLANG_WARN_EMPTY_BODY = YES;
				CLANG_WARN_ENUM_CONVERSION = YES;
				CLANG_WARN_INFINITE_RECURSION = YES;
				CLANG_WARN_INT_CONVERSION = YES;
				CLANG_WARN_NON_LITERAL_NULL_CONVERSION = YES;
				CLANG_WARN_OBJC_IMPLICIT_RETAIN_SELF = YES;
				CLANG_WARN_OBJC_LITERAL_CONVERSION = YES;
				CLANG_WARN_OBJC_ROOT_CLASS = YES_ERROR;
				CLANG_WARN_RANGE_LOOP_ANALYSIS = YES;
				CLANG_WARN_STRICT_PROTOTYPES = YES;
				CLANG_WARN_SUSPICIOUS_MOVE = YES;
				CLANG_WARN_UNGUARDED_AVAILABILITY = YES_AGGRESSIVE;
				CLANG_WARN_UNREACHABLE_CODE = YES;
				CLANG_WARN__DUPLICATE_METHOD_MATCH = YES;
				CODE_SIGN_IDENTITY = "iPhone Developer";
				COPY_PHASE_STRIP = NO;
				DEBUG_INFORMATION_FORMAT = dwarf;
				ENABLE_STRICT_OBJC_MSGSEND = YES;
				ENABLE_TESTABILITY = YES;
				GCC_C_LANGUAGE_STANDARD = gnu11;
				GCC_DYNAMIC_NO_PIC = NO;
				GCC_NO_COMMON_BLOCKS = YES;
				GCC_OPTIMIZATION_LEVEL = 0;
				GCC_PREPROCESSOR_DEFINITIONS = (
					"DEBUG=1",
					"$(inherited)",
				);
				GCC_WARN_64_TO_32_BIT_CONVERSION = YES;
				GCC_WARN_ABOUT_RETURN_TYPE = YES_ERROR;
				GCC_WARN_UNDECLARED_SELECTOR = YES;
				GCC_WARN_UNINITIALIZED_AUTOS = YES_AGGRESSIVE;
				GCC_WARN_UNUSED_FUNCTION = YES;
				GCC_WARN_UNUSED_VARIABLE = YES;
				IPHONEOS_DEPLOYMENT_TARGET = 11.3;
				MTL_ENABLE_DEBUG_INFO = YES;
				ONLY_ACTIVE_ARCH = YES;
				SDKROOT = iphoneos;
				SWIFT_ACTIVE_COMPILATION_CONDITIONS = DEBUG;
				SWIFT_OPTIMIZATION_LEVEL = "-Onone";
			};
			name = Debug;
		};
		FA7BBB2620BC5A430075D862 /* Release */ = {
			isa = XCBuildConfiguration;
			buildSettings = {
				ALWAYS_SEARCH_USER_PATHS = NO;
				CLANG_ANALYZER_NONNULL = YES;
				CLANG_ANALYZER_NUMBER_OBJECT_CONVERSION = YES_AGGRESSIVE;
				CLANG_CXX_LANGUAGE_STANDARD = "gnu++14";
				CLANG_CXX_LIBRARY = "libc++";
				CLANG_ENABLE_MODULES = YES;
				CLANG_ENABLE_OBJC_ARC = YES;
				CLANG_ENABLE_OBJC_WEAK = YES;
				CLANG_WARN_BLOCK_CAPTURE_AUTORELEASING = YES;
				CLANG_WARN_BOOL_CONVERSION = YES;
				CLANG_WARN_COMMA = YES;
				CLANG_WARN_CONSTANT_CONVERSION = YES;
				CLANG_WARN_DEPRECATED_OBJC_IMPLEMENTATIONS = YES;
				CLANG_WARN_DIRECT_OBJC_ISA_USAGE = YES_ERROR;
				CLANG_WARN_DOCUMENTATION_COMMENTS = YES;
				CLANG_WARN_EMPTY_BODY = YES;
				CLANG_WARN_ENUM_CONVERSION = YES;
				CLANG_WARN_INFINITE_RECURSION = YES;
				CLANG_WARN_INT_CONVERSION = YES;
				CLANG_WARN_NON_LITERAL_NULL_CONVERSION = YES;
				CLANG_WARN_OBJC_IMPLICIT_RETAIN_SELF = YES;
				CLANG_WARN_OBJC_LITERAL_CONVERSION = YES;
				CLANG_WARN_OBJC_ROOT_CLASS = YES_ERROR;
				CLANG_WARN_RANGE_LOOP_ANALYSIS = YES;
				CLANG_WARN_STRICT_PROTOTYPES = YES;
				CLANG_WARN_SUSPICIOUS_MOVE = YES;
				CLANG_WARN_UNGUARDED_AVAILABILITY = YES_AGGRESSIVE;
				CLANG_WARN_UNREACHABLE_CODE = YES;
				CLANG_WARN__DUPLICATE_METHOD_MATCH = YES;
				CODE_SIGN_IDENTITY = "iPhone Developer";
				COPY_PHASE_STRIP = NO;
				DEBUG_INFORMATION_FORMAT = "dwarf-with-dsym";
				ENABLE_NS_ASSERTIONS = NO;
				ENABLE_STRICT_OBJC_MSGSEND = YES;
				GCC_C_LANGUAGE_STANDARD = gnu11;
				GCC_NO_COMMON_BLOCKS = YES;
				GCC_WARN_64_TO_32_BIT_CONVERSION = YES;
				GCC_WARN_ABOUT_RETURN_TYPE = YES_ERROR;
				GCC_WARN_UNDECLARED_SELECTOR = YES;
				GCC_WARN_UNINITIALIZED_AUTOS = YES_AGGRESSIVE;
				GCC_WARN_UNUSED_FUNCTION = YES;
				GCC_WARN_UNUSED_VARIABLE = YES;
				IPHONEOS_DEPLOYMENT_TARGET = 11.3;
				MTL_ENABLE_DEBUG_INFO = NO;
				SDKROOT = iphoneos;
				SWIFT_COMPILATION_MODE = wholemodule;
				SWIFT_OPTIMIZATION_LEVEL = "-O";
				VALIDATE_PRODUCT = YES;
			};
			name = Release;
		};
		FA7BBB2820BC5A430075D862 /* Debug */ = {
			isa = XCBuildConfiguration;
			buildSettings = {
				ASSETCATALOG_COMPILER_APPICON_NAME = AppIcon;
				CODE_SIGN_STYLE = Automatic;
				DEVELOPMENT_TEAM = 3H4X9QFRB7;
				INFOPLIST_FILE = Todoey/Info.plist;
				LD_RUNPATH_SEARCH_PATHS = (
					"$(inherited)",
					"@executable_path/Frameworks",
				);
				PRODUCT_BUNDLE_IDENTIFIER = com.Todoey;
				PRODUCT_NAME = "$(TARGET_NAME)";
				SWIFT_VERSION = 4.0;
				TARGETED_DEVICE_FAMILY = "1,2";
			};
			name = Debug;
		};
		FA7BBB2920BC5A430075D862 /* Release */ = {
			isa = XCBuildConfiguration;
			buildSettings = {
				ASSETCATALOG_COMPILER_APPICON_NAME = AppIcon;
				CODE_SIGN_STYLE = Automatic;
				DEVELOPMENT_TEAM = 3H4X9QFRB7;
				INFOPLIST_FILE = Todoey/Info.plist;
				LD_RUNPATH_SEARCH_PATHS = (
					"$(inherited)",
					"@executable_path/Frameworks",
				);
				PRODUCT_BUNDLE_IDENTIFIER = com.Todoey;
				PRODUCT_NAME = "$(TARGET_NAME)";
				SWIFT_VERSION = 4.0;
				TARGETED_DEVICE_FAMILY = "1,2";
			};
			name = Release;
		};
/* End XCBuildConfiguration section */

/* Begin XCConfigurationList section */
		FA7BBB1020BC5A3E0075D862 /* Build configuration list for PBXProject "Todoey" */ = {
			isa = XCConfigurationList;
			buildConfigurations = (
				FA7BBB2520BC5A430075D862 /* Debug */,
				FA7BBB2620BC5A430075D862 /* Release */,
			);
			defaultConfigurationIsVisible = 0;
			defaultConfigurationName = Release;
		};
		FA7BBB2720BC5A430075D862 /* Build configuration list for PBXNativeTarget "Todoey" */ = {
			isa = XCConfigurationList;
			buildConfigurations = (
				FA7BBB2820BC5A430075D862 /* Debug */,
				FA7BBB2920BC5A430075D862 /* Release */,
			);
			defaultConfigurationIsVisible = 0;
			defaultConfigurationName = Release;
		};
/* End XCConfigurationList section */

/* Begin XCVersionGroup section */
		FA2D296320C2DE5800DAEE63 /* DataItem.xcdatamodeld */ = {
			isa = XCVersionGroup;
			children = (
				FA2D296420C2DE5900DAEE63 /* DataItem.xcdatamodel */,
			);
			currentVersion = FA2D296420C2DE5900DAEE63 /* DataItem.xcdatamodel */;
			path = DataItem.xcdatamodeld;
			sourceTree = "<group>";
			versionGroupType = wrapper.xcdatamodel;
		};
/* End XCVersionGroup section */
	};
	rootObject = FA7BBB0D20BC5A3E0075D862 /* Project object */;
}
